<?xml version="1.0" encoding="utf-8"?>
<Project ToolsVersion="4.0" xmlns="http://schemas.microsoft.com/developer/msbuild/2003">
  <ItemGroup>
    <Filter Include="ソース ファイル">
      <UniqueIdentifier>{4FC737F1-C7A5-4376-A066-2A32D752A2FF}</UniqueIdentifier>
      <Extensions>cpp;c;cc;cxx;c++;cppm;ixx;def;odl;idl;hpj;bat;asm;asmx</Extensions>
    </Filter>
    <Filter Include="ヘッダー ファイル">
      <UniqueIdentifier>{93995380-89BD-4b04-88EB-625FBE52EBFB}</UniqueIdentifier>
      <Extensions>h;hh;hpp;hxx;h++;hm;inl;inc;ipp;xsd</Extensions>
    </Filter>
    <Filter Include="リソース ファイル">
      <UniqueIdentifier>{67DA6AB6-F800-4c08-8B7A-83BB121AAD01}</UniqueIdentifier>
      <Extensions>rc;ico;cur;bmp;dlg;rc2;rct;bin;rgs;gif;jpg;jpeg;jpe;resx;tiff;tif;png;wav;mfcribbon-ms</Extensions>
    </Filter>
    <Filter Include="ソース ファイル\Scene.cpp">
      <UniqueIdentifier>{43ee8c51-9f74-4114-a6e3-e715cd7ea473}</UniqueIdentifier>
    </Filter>
    <Filter Include="ヘッダー ファイル\Scene.h">
      <UniqueIdentifier>{b02cace4-4209-480f-b542-2e96a21290e4}</UniqueIdentifier>
    </Filter>
    <Filter Include="ソース ファイル\Shot.cpp">
      <UniqueIdentifier>{c739bb5e-7b9d-469b-be0d-541d4de5081a}</UniqueIdentifier>
    </Filter>
    <Filter Include="ヘッダー ファイル\Shot.h">
      <UniqueIdentifier>{2395d94a-3581-4b7f-949a-62b07c67731f}</UniqueIdentifier>
    </Filter>
  </ItemGroup>
  <ItemGroup>
    <ClCompile Include="main.cpp">
      <Filter>ソース ファイル</Filter>
    </ClCompile>
    <ClCompile Include="Vec2.cpp">
      <Filter>ソース ファイル</Filter>
    </ClCompile>
    <ClCompile Include="Player.cpp">
      <Filter>ソース ファイル</Filter>
    </ClCompile>
    <ClCompile Include="Enemy.cpp">
      <Filter>ソース ファイル</Filter>
    </ClCompile>
    <ClCompile Include="SceneMain.cpp">
      <Filter>ソース ファイル\Scene.cpp</Filter>
    </ClCompile>
    <ClCompile Include="SceneBase.cpp">
      <Filter>ソース ファイル\Scene.cpp</Filter>
    </ClCompile>
    <ClCompile Include="SceneManager.cpp">
      <Filter>ソース ファイル\Scene.cpp</Filter>
    </ClCompile>
    <ClCompile Include="SceneMusic.cpp">
      <Filter>ソース ファイル\Scene.cpp</Filter>
    </ClCompile>
    <ClCompile Include="SceneTitle.cpp">
      <Filter>ソース ファイル\Scene.cpp</Filter>
    </ClCompile>
    <ClCompile Include="ShotBase.cpp">
      <Filter>ソース ファイル\Shot.cpp</Filter>
    </ClCompile>
    <ClCompile Include="ShotNormal.cpp">
      <Filter>ソース ファイル\Shot.cpp</Filter>
    </ClCompile>
    <ClCompile Include="ShotPlayerNormal.cpp">
      <Filter>ソース ファイル\Shot.cpp</Filter>
    </ClCompile>
    <ClCompile Include="SceneConfig.cpp">
      <Filter>ソース ファイル\Scene.cpp</Filter>
    </ClCompile>
    <ClCompile Include="ShotEnemyNormal.cpp">
      <Filter>ソース ファイル\Shot.cpp</Filter>
    </ClCompile>
    <ClCompile Include="SceneClear.cpp">
      <Filter>ソース ファイル\Scene.cpp</Filter>
    </ClCompile>
    <ClCompile Include="SceneGameOver.cpp">
      <Filter>ソース ファイル\Scene.cpp</Filter>
    </ClCompile>
  </ItemGroup>
  <ItemGroup>
    <ClInclude Include="game.h">
      <Filter>ヘッダー ファイル</Filter>
    </ClInclude>
    <ClInclude Include="Vec2.h">
      <Filter>ヘッダー ファイル</Filter>
    </ClInclude>
    <ClInclude Include="Player.h">
      <Filter>ヘッダー ファイル</Filter>
    </ClInclude>
    <ClInclude Include="Enemy.h">
      <Filter>ヘッダー ファイル</Filter>
    </ClInclude>
    <ClInclude Include="SceneBase.h">
      <Filter>ヘッダー ファイル\Scene.h</Filter>
    </ClInclude>
    <ClInclude Include="SceneMain.h">
      <Filter>ヘッダー ファイル\Scene.h</Filter>
    </ClInclude>
    <ClInclude Include="SceneManager.h">
      <Filter>ヘッダー ファイル\Scene.h</Filter>
    </ClInclude>
    <ClInclude Include="SceneMusic.h">
      <Filter>ヘッダー ファイル\Scene.h</Filter>
    </ClInclude>
    <ClInclude Include="SceneTitle.h">
      <Filter>ヘッダー ファイル\Scene.h</Filter>
    </ClInclude>
    <ClInclude Include="ShotNormal.h">
      <Filter>ヘッダー ファイル\Shot.h</Filter>
    </ClInclude>
    <ClInclude Include="ShotBase.h">
      <Filter>ヘッダー ファイル\Shot.h</Filter>
    </ClInclude>
    <ClInclude Include="ShotPlayerNormal.h">
      <Filter>ヘッダー ファイル\Shot.h</Filter>
    </ClInclude>
    <ClInclude Include="SceneConfig.h">
      <Filter>ヘッダー ファイル\Scene.h</Filter>
    </ClInclude>
    <ClInclude Include="ShotEnemyNormal.h">
      <Filter>ヘッダー ファイル\Shot.h</Filter>
    </ClInclude>
    <ClInclude Include="SceneClear.h">
      <Filter>ヘッダー ファイル\Scene.h</Filter>
    </ClInclude>
    <ClInclude Include="SceneGameOver.h">
      <Filter>ヘッダー ファイル\Scene.h</Filter>
    </ClInclude>
  </ItemGroup>
</Project>